
Microsoft Visual Studio Solution File, Format Version 12.00
# Visual Studio Version 17
VisualStudioVersion = 17.7.34024.191
MinimumVisualStudioVersion = 10.0.40219.1
Project("{9A19103F-16F7-4668-BE54-9A1E7A4F7556}") = "TestTask.DAL", "TestTask.DAL\TestTask.DAL.csproj", "{61D24172-5A14-4230-BAA7-9121626A584E}"
EndProject
Project("{9A19103F-16F7-4668-BE54-9A1E7A4F7556}") = "TestTask.Application", "TestTask.Application\TestTask.Application.csproj", "{0782ADB2-36F5-4F84-8A47-D02FCC9778BE}"
EndProject
Project("{9A19103F-16F7-4668-BE54-9A1E7A4F7556}") = "Tester", "Tester\Tester.csproj", "{38C362A5-5C5C-4F51-B82F-B89236501E20}"
EndProject
Project("{FAE04EC0-301F-11D3-BF4B-00C04F79EFBC}") = "TestTask.Web", "TestTask.Web\TestTask.Web.csproj", "{B5E6A87C-2154-4943-9FFF-A93AAC918CF6}"
EndProject
Global
	GlobalSection(SolutionConfigurationPlatforms) = preSolution
		Debug|Any CPU = Debug|Any CPU
		Release|Any CPU = Release|Any CPU
	EndGlobalSection
	GlobalSection(ProjectConfigurationPlatforms) = postSolution
		{61D24172-5A14-4230-BAA7-9121626A584E}.Debug|Any CPU.ActiveCfg = Debug|Any CPU
		{61D24172-5A14-4230-BAA7-9121626A584E}.Debug|Any CPU.Build.0 = Debug|Any CPU
		{61D24172-5A14-4230-BAA7-9121626A584E}.Release|Any CPU.ActiveCfg = Release|Any CPU
		{61D24172-5A14-4230-BAA7-9121626A584E}.Release|Any CPU.Build.0 = Release|Any CPU
		{0782ADB2-36F5-4F84-8A47-D02FCC9778BE}.Debug|Any CPU.ActiveCfg = Debug|Any CPU
		{0782ADB2-36F5-4F84-8A47-D02FCC9778BE}.Debug|Any CPU.Build.0 = Debug|Any CPU
		{0782ADB2-36F5-4F84-8A47-D02FCC9778BE}.Release|Any CPU.ActiveCfg = Release|Any CPU
		{0782ADB2-36F5-4F84-8A47-D02FCC9778BE}.Release|Any CPU.Build.0 = Release|Any CPU
		{38C362A5-5C5C-4F51-B82F-B89236501E20}.Debug|Any CPU.ActiveCfg = Debug|Any CPU
		{38C362A5-5C5C-4F51-B82F-B89236501E20}.Debug|Any CPU.Build.0 = Debug|Any CPU
		{38C362A5-5C5C-4F51-B82F-B89236501E20}.Release|Any CPU.ActiveCfg = Release|Any CPU
		{38C362A5-5C5C-4F51-B82F-B89236501E20}.Release|Any CPU.Build.0 = Release|Any CPU
		{B5E6A87C-2154-4943-9FFF-A93AAC918CF6}.Debug|Any CPU.ActiveCfg = Debug|Any CPU
		{B5E6A87C-2154-4943-9FFF-A93AAC918CF6}.Debug|Any CPU.Build.0 = Debug|Any CPU
		{B5E6A87C-2154-4943-9FFF-A93AAC918CF6}.Release|Any CPU.ActiveCfg = Release|Any CPU
		{B5E6A87C-2154-4943-9FFF-A93AAC918CF6}.Release|Any CPU.Build.0 = Release|Any CPU
	EndGlobalSection
	GlobalSection(SolutionProperties) = preSolution
		HideSolutionNode = FALSE
	EndGlobalSection
	GlobalSection(ExtensibilityGlobals) = postSolution
		SolutionGuid = {BCAB9574-2CC0-43B7-BDBD-DD8926C0F5F9}
	EndGlobalSection
EndGlobal
